
Microsoft Visual Studio Solution File, Format Version 12.00
# Visual Studio Version 17
VisualStudioVersion = 17.9.34728.123
MinimumVisualStudioVersion = 10.0.40219.1
Project("{54A90642-561A-4BB1-A94E-469ADEE60C69}") = "FrontEnd", "FrontEnd\FrontEnd.esproj", "{8FA1EE50-81C7-464C-A4C6-465E3A6C5481}"
EndProject
Project("{9A19103F-16F7-4668-BE54-9A1E7A4F7556}") = "Ticket", "Ticket\Ticket.csproj", "{B07517B9-51AD-4CF2-898E-67B50993C1B8}"
EndProject
Global
	GlobalSection(SolutionConfigurationPlatforms) = preSolution
		Debug|Any CPU = Debug|Any CPU
		Release|Any CPU = Release|Any CPU
	EndGlobalSection
	GlobalSection(ProjectConfigurationPlatforms) = postSolution
		{8FA1EE50-81C7-464C-A4C6-465E3A6C5481}.Debug|Any CPU.ActiveCfg = Debug|Any CPU
		{8FA1EE50-81C7-464C-A4C6-465E3A6C5481}.Debug|Any CPU.Build.0 = Debug|Any CPU
		{8FA1EE50-81C7-464C-A4C6-465E3A6C5481}.Debug|Any CPU.Deploy.0 = Debug|Any CPU
		{8FA1EE50-81C7-464C-A4C6-465E3A6C5481}.Release|Any CPU.ActiveCfg = Release|Any CPU
		{8FA1EE50-81C7-464C-A4C6-465E3A6C5481}.Release|Any CPU.Build.0 = Release|Any CPU
		{8FA1EE50-81C7-464C-A4C6-465E3A6C5481}.Release|Any CPU.Deploy.0 = Release|Any CPU
		{B07517B9-51AD-4CF2-898E-67B50993C1B8}.Debug|Any CPU.ActiveCfg = Debug|Any CPU
		{B07517B9-51AD-4CF2-898E-67B50993C1B8}.Debug|Any CPU.Build.0 = Debug|Any CPU
		{B07517B9-51AD-4CF2-898E-67B50993C1B8}.Release|Any CPU.ActiveCfg = Release|Any CPU
		{B07517B9-51AD-4CF2-898E-67B50993C1B8}.Release|Any CPU.Build.0 = Release|Any CPU
	EndGlobalSection
	GlobalSection(SolutionProperties) = preSolution
		HideSolutionNode = FALSE
	EndGlobalSection
	GlobalSection(ExtensibilityGlobals) = postSolution
		SolutionGuid = {7D022454-0004-44C4-B642-68C32C5F9E47}
	EndGlobalSection
EndGlobal
